// !$*UTF8*$!
{
	archiveVersion = 1;
	classes = {
	};
	objectVersion = 77;
	objects = {

/* Begin PBXBuildFile section */
		B0637BDD2CB92CE5003BBD6D /* animals.json in Resources */ = {isa = PBXBuildFile; fileRef = B0637BC62CB92CE5003BBD6D /* animals.json */; };
		B0637BDE2CB92CE5003BBD6D /* covers.json in Resources */ = {isa = PBXBuildFile; fileRef = B0637BC72CB92CE5003BBD6D /* covers.json */; };
		B0637BDF2CB92CE5003BBD6D /* locations.json in Resources */ = {isa = PBXBuildFile; fileRef = B0637BC82CB92CE5003BBD6D /* locations.json */; };
		B0637BE02CB92CE5003BBD6D /* videos.json in Resources */ = {isa = PBXBuildFile; fileRef = B0637BC92CB92CE5003BBD6D /* videos.json */; };
		B0637BE12CB92CE5003BBD6D /* Preview Assets.xcassets in Resources */ = {isa = PBXBuildFile; fileRef = B0637BCB2CB92CE5003BBD6D /* Preview Assets.xcassets */; };
		B0637BE22CB92CE5003BBD6D /* cheetah.mp4 in Resources */ = {isa = PBXBuildFile; fileRef = B0637BCD2CB92CE5003BBD6D /* cheetah.mp4 */; };
		B0637BE32CB92CE5003BBD6D /* elephant.mp4 in Resources */ = {isa = PBXBuildFile; fileRef = B0637BCE2CB92CE5003BBD6D /* elephant.mp4 */; };
		B0637BE42CB92CE5003BBD6D /* giraffe.mp4 in Resources */ = {isa = PBXBuildFile; fileRef = B0637BCF2CB92CE5003BBD6D /* giraffe.mp4 */; };
		B0637BE52CB92CE5003BBD6D /* gorilla.mp4 in Resources */ = {isa = PBXBuildFile; fileRef = B0637BD02CB92CE5003BBD6D /* gorilla.mp4 */; };
		B0637BE62CB92CE5003BBD6D /* hippo.mp4 in Resources */ = {isa = PBXBuildFile; fileRef = B0637BD12CB92CE5003BBD6D /* hippo.mp4 */; };
		B0637BE72CB92CE5003BBD6D /* lion.mp4 in Resources */ = {isa = PBXBuildFile; fileRef = B0637BD22CB92CE5003BBD6D /* lion.mp4 */; };
		B0637BE82CB92CE5003BBD6D /* lioness.mp4 in Resources */ = {isa = PBXBuildFile; fileRef = B0637BD32CB92CE5003BBD6D /* lioness.mp4 */; };
		B0637BE92CB92CE5003BBD6D /* ostrich.mp4 in Resources */ = {isa = PBXBuildFile; fileRef = B0637BD42CB92CE5003BBD6D /* ostrich.mp4 */; };
		B0637BEA2CB92CE5003BBD6D /* rhino.mp4 in Resources */ = {isa = PBXBuildFile; fileRef = B0637BD52CB92CE5003BBD6D /* rhino.mp4 */; };
		B0637BEB2CB92CE5003BBD6D /* zebra.mp4 in Resources */ = {isa = PBXBuildFile; fileRef = B0637BD62CB92CE5003BBD6D /* zebra.mp4 */; };
		B0637BEC2CB92CE5003BBD6D /* Assets.xcassets in Resources */ = {isa = PBXBuildFile; fileRef = B0637BD82CB92CE5003BBD6D /* Assets.xcassets */; };
		B0637BFF2CB92EFA003BBD6D /* CoverImageView.swift in Sources */ = {isa = PBXBuildFile; fileRef = B0637BFE2CB92EFA003BBD6D /* CoverImageView.swift */; };
		B0637C022CB93049003BBD6D /* CoverImageModel.swift in Sources */ = {isa = PBXBuildFile; fileRef = B0637C012CB93049003BBD6D /* CoverImageModel.swift */; };
		B0637C052CB930B2003BBD6D /* CodableBundleExtension.swift in Sources */ = {isa = PBXBuildFile; fileRef = B0637C042CB930B2003BBD6D /* CodableBundleExtension.swift */; };
		B0637C072CB93390003BBD6D /* AnimalListItemView.swift in Sources */ = {isa = PBXBuildFile; fileRef = B0637C062CB93390003BBD6D /* AnimalListItemView.swift */; };
		B0637C092CB934D7003BBD6D /* AnimalModel.swift in Sources */ = {isa = PBXBuildFile; fileRef = B0637C082CB934D7003BBD6D /* AnimalModel.swift */; };
/* End PBXBuildFile section */

/* Begin PBXFileReference section */
		B0637B912CB927FE003BBD6D /* Africa.app */ = {isa = PBXFileReference; explicitFileType = wrapper.application; includeInIndex = 0; path = Africa.app; sourceTree = BUILT_PRODUCTS_DIR; };
		B0637BC62CB92CE5003BBD6D /* animals.json */ = {isa = PBXFileReference; lastKnownFileType = text.json; path = animals.json; sourceTree = "<group>"; };
		B0637BC72CB92CE5003BBD6D /* covers.json */ = {isa = PBXFileReference; lastKnownFileType = text.json; path = covers.json; sourceTree = "<group>"; };
		B0637BC82CB92CE5003BBD6D /* locations.json */ = {isa = PBXFileReference; lastKnownFileType = text.json; path = locations.json; sourceTree = "<group>"; };
		B0637BC92CB92CE5003BBD6D /* videos.json */ = {isa = PBXFileReference; lastKnownFileType = text.json; path = videos.json; sourceTree = "<group>"; };
		B0637BCB2CB92CE5003BBD6D /* Preview Assets.xcassets */ = {isa = PBXFileReference; lastKnownFileType = folder.assetcatalog; path = "Preview Assets.xcassets"; sourceTree = "<group>"; };
		B0637BCD2CB92CE5003BBD6D /* cheetah.mp4 */ = {isa = PBXFileReference; lastKnownFileType = file; path = cheetah.mp4; sourceTree = "<group>"; };
		B0637BCE2CB92CE5003BBD6D /* elephant.mp4 */ = {isa = PBXFileReference; lastKnownFileType = file; path = elephant.mp4; sourceTree = "<group>"; };
		B0637BCF2CB92CE5003BBD6D /* giraffe.mp4 */ = {isa = PBXFileReference; lastKnownFileType = file; path = giraffe.mp4; sourceTree = "<group>"; };
		B0637BD02CB92CE5003BBD6D /* gorilla.mp4 */ = {isa = PBXFileReference; lastKnownFileType = file; path = gorilla.mp4; sourceTree = "<group>"; };
		B0637BD12CB92CE5003BBD6D /* hippo.mp4 */ = {isa = PBXFileReference; lastKnownFileType = file; path = hippo.mp4; sourceTree = "<group>"; };
		B0637BD22CB92CE5003BBD6D /* lion.mp4 */ = {isa = PBXFileReference; lastKnownFileType = file; path = lion.mp4; sourceTree = "<group>"; };
		B0637BD32CB92CE5003BBD6D /* lioness.mp4 */ = {isa = PBXFileReference; lastKnownFileType = file; path = lioness.mp4; sourceTree = "<group>"; };
		B0637BD42CB92CE5003BBD6D /* ostrich.mp4 */ = {isa = PBXFileReference; lastKnownFileType = file; path = ostrich.mp4; sourceTree = "<group>"; };
		B0637BD52CB92CE5003BBD6D /* rhino.mp4 */ = {isa = PBXFileReference; lastKnownFileType = file; path = rhino.mp4; sourceTree = "<group>"; };
		B0637BD62CB92CE5003BBD6D /* zebra.mp4 */ = {isa = PBXFileReference; lastKnownFileType = file; path = zebra.mp4; sourceTree = "<group>"; };
		B0637BD82CB92CE5003BBD6D /* Assets.xcassets */ = {isa = PBXFileReference; lastKnownFileType = folder.assetcatalog; path = Assets.xcassets; sourceTree = "<group>"; };
		B0637BD92CB92CE5003BBD6D /* Info.plist */ = {isa = PBXFileReference; lastKnownFileType = text.plist.xml; path = Info.plist; sourceTree = "<group>"; };
		B0637BFE2CB92EFA003BBD6D /* CoverImageView.swift */ = {isa = PBXFileReference; lastKnownFileType = sourcecode.swift; path = CoverImageView.swift; sourceTree = "<group>"; };
		B0637C012CB93049003BBD6D /* CoverImageModel.swift */ = {isa = PBXFileReference; lastKnownFileType = sourcecode.swift; path = CoverImageModel.swift; sourceTree = "<group>"; };
		B0637C042CB930B2003BBD6D /* CodableBundleExtension.swift */ = {isa = PBXFileReference; lastKnownFileType = sourcecode.swift; path = CodableBundleExtension.swift; sourceTree = "<group>"; };
		B0637C062CB93390003BBD6D /* AnimalListItemView.swift */ = {isa = PBXFileReference; lastKnownFileType = sourcecode.swift; path = AnimalListItemView.swift; sourceTree = "<group>"; };
		B0637C082CB934D7003BBD6D /* AnimalModel.swift */ = {isa = PBXFileReference; lastKnownFileType = sourcecode.swift; path = AnimalModel.swift; sourceTree = "<group>"; };
/* End PBXFileReference section */

/* Begin PBXFileSystemSynchronizedRootGroup section */
		B0637BF02CB92CED003BBD6D /* App */ = {
			isa = PBXFileSystemSynchronizedRootGroup;
			path = App;
			sourceTree = "<group>";
		};
/* End PBXFileSystemSynchronizedRootGroup section */

/* Begin PBXFrameworksBuildPhase section */
		B0637B8E2CB927FE003BBD6D /* Frameworks */ = {
			isa = PBXFrameworksBuildPhase;
			buildActionMask = 2147483647;
			files = (
			);
			runOnlyForDeploymentPostprocessing = 0;
		};
/* End PBXFrameworksBuildPhase section */

/* Begin PBXGroup section */
		B0637B882CB927FE003BBD6D = {
			isa = PBXGroup;
			children = (
				B0637BDA2CB92CE5003BBD6D /* Africa */,
				B0637B922CB927FE003BBD6D /* Products */,
			);
			sourceTree = "<group>";
		};
		B0637B922CB927FE003BBD6D /* Products */ = {
			isa = PBXGroup;
			children = (
				B0637B912CB927FE003BBD6D /* Africa.app */,
			);
			name = Products;
			sourceTree = "<group>";
		};
		B0637BCA2CB92CE5003BBD6D /* Data */ = {
			isa = PBXGroup;
			children = (
				B0637BC62CB92CE5003BBD6D /* animals.json */,
				B0637BC72CB92CE5003BBD6D /* covers.json */,
				B0637BC82CB92CE5003BBD6D /* locations.json */,
				B0637BC92CB92CE5003BBD6D /* videos.json */,
			);
			path = Data;
			sourceTree = "<group>";
		};
		B0637BCC2CB92CE5003BBD6D /* Preview Content */ = {
			isa = PBXGroup;
			children = (
				B0637BCB2CB92CE5003BBD6D /* Preview Assets.xcassets */,
			);
			path = "Preview Content";
			sourceTree = "<group>";
		};
		B0637BD72CB92CE5003BBD6D /* Video */ = {
			isa = PBXGroup;
			children = (
				B0637BCD2CB92CE5003BBD6D /* cheetah.mp4 */,
				B0637BCE2CB92CE5003BBD6D /* elephant.mp4 */,
				B0637BCF2CB92CE5003BBD6D /* giraffe.mp4 */,
				B0637BD02CB92CE5003BBD6D /* gorilla.mp4 */,
				B0637BD12CB92CE5003BBD6D /* hippo.mp4 */,
				B0637BD22CB92CE5003BBD6D /* lion.mp4 */,
				B0637BD32CB92CE5003BBD6D /* lioness.mp4 */,
				B0637BD42CB92CE5003BBD6D /* ostrich.mp4 */,
				B0637BD52CB92CE5003BBD6D /* rhino.mp4 */,
				B0637BD62CB92CE5003BBD6D /* zebra.mp4 */,
			);
			path = Video;
			sourceTree = "<group>";
		};
		B0637BDA2CB92CE5003BBD6D /* Africa */ = {
			isa = PBXGroup;
			children = (
				B0637C032CB9309E003BBD6D /* Extension */,
				B0637C002CB9303B003BBD6D /* Model */,
				B0637BFD2CB92EE9003BBD6D /* View */,
				B0637BF02CB92CED003BBD6D /* App */,
				B0637BCA2CB92CE5003BBD6D /* Data */,
				B0637BCC2CB92CE5003BBD6D /* Preview Content */,
				B0637BD72CB92CE5003BBD6D /* Video */,
				B0637BD82CB92CE5003BBD6D /* Assets.xcassets */,
				B0637BD92CB92CE5003BBD6D /* Info.plist */,
			);
			path = Africa;
			sourceTree = "<group>";
		};
		B0637BFD2CB92EE9003BBD6D /* View */ = {
			isa = PBXGroup;
			children = (
				B0637BFE2CB92EFA003BBD6D /* CoverImageView.swift */,
				B0637C062CB93390003BBD6D /* AnimalListItemView.swift */,
			);
			path = View;
			sourceTree = "<group>";
		};
		B0637C002CB9303B003BBD6D /* Model */ = {
			isa = PBXGroup;
			children = (
				B0637C012CB93049003BBD6D /* CoverImageModel.swift */,
				B0637C082CB934D7003BBD6D /* AnimalModel.swift */,
			);
			path = Model;
			sourceTree = "<group>";
		};
		B0637C032CB9309E003BBD6D /* Extension */ = {
			isa = PBXGroup;
			children = (
				B0637C042CB930B2003BBD6D /* CodableBundleExtension.swift */,
			);
			path = Extension;
			sourceTree = "<group>";
		};
/* End PBXGroup section */

/* Begin PBXNativeTarget section */
		B0637B902CB927FE003BBD6D /* Africa */ = {
			isa = PBXNativeTarget;
			buildConfigurationList = B0637B9F2CB927FF003BBD6D /* Build configuration list for PBXNativeTarget "Africa" */;
			buildPhases = (
				B0637B8D2CB927FE003BBD6D /* Sources */,
				B0637B8E2CB927FE003BBD6D /* Frameworks */,
				B0637B8F2CB927FE003BBD6D /* Resources */,
			);
			buildRules = (
			);
			dependencies = (
			);
			fileSystemSynchronizedGroups = (
				B0637BF02CB92CED003BBD6D /* App */,
			);
			name = Africa;
			packageProductDependencies = (
			);
			productName = Africa;
			productReference = B0637B912CB927FE003BBD6D /* Africa.app */;
			productType = "com.apple.product-type.application";
		};
/* End PBXNativeTarget section */

/* Begin PBXProject section */
		B0637B892CB927FE003BBD6D /* Project object */ = {
			isa = PBXProject;
			attributes = {
				BuildIndependentTargetsInParallel = 1;
				LastSwiftUpdateCheck = 1600;
				LastUpgradeCheck = 1600;
				TargetAttributes = {
					B0637B902CB927FE003BBD6D = {
						CreatedOnToolsVersion = 16.0;
					};
				};
			};
			buildConfigurationList = B0637B8C2CB927FE003BBD6D /* Build configuration list for PBXProject "Africa" */;
			developmentRegion = en;
			hasScannedForEncodings = 0;
			knownRegions = (
				en,
				Base,
			);
			mainGroup = B0637B882CB927FE003BBD6D;
			minimizedProjectReferenceProxies = 1;
			preferredProjectObjectVersion = 77;
			productRefGroup = B0637B922CB927FE003BBD6D /* Products */;
			projectDirPath = "";
			projectRoot = "";
			targets = (
				B0637B902CB927FE003BBD6D /* Africa */,
			);
		};
/* End PBXProject section */

/* Begin PBXResourcesBuildPhase section */
		B0637B8F2CB927FE003BBD6D /* Resources */ = {
			isa = PBXResourcesBuildPhase;
			buildActionMask = 2147483647;
			files = (
				B0637BDD2CB92CE5003BBD6D /* animals.json in Resources */,
				B0637BDE2CB92CE5003BBD6D /* covers.json in Resources */,
				B0637BDF2CB92CE5003BBD6D /* locations.json in Resources */,
				B0637BE02CB92CE5003BBD6D /* videos.json in Resources */,
				B0637BE12CB92CE5003BBD6D /* Preview Assets.xcassets in Resources */,
				B0637BE22CB92CE5003BBD6D /* cheetah.mp4 in Resources */,
				B0637BE32CB92CE5003BBD6D /* elephant.mp4 in Resources */,
				B0637BE42CB92CE5003BBD6D /* giraffe.mp4 in Resources */,
				B0637BE52CB92CE5003BBD6D /* gorilla.mp4 in Resources */,
				B0637BE62CB92CE5003BBD6D /* hippo.mp4 in Resources */,
				B0637BE72CB92CE5003BBD6D /* lion.mp4 in Resources */,
				B0637BE82CB92CE5003BBD6D /* lioness.mp4 in Resources */,
				B0637BE92CB92CE5003BBD6D /* ostrich.mp4 in Resources */,
				B0637BEA2CB92CE5003BBD6D /* rhino.mp4 in Resources */,
				B0637BEB2CB92CE5003BBD6D /* zebra.mp4 in Resources */,
				B0637BEC2CB92CE5003BBD6D /* Assets.xcassets in Resources */,
			);
			runOnlyForDeploymentPostprocessing = 0;
		};
/* End PBXResourcesBuildPhase section */

/* Begin PBXSourcesBuildPhase section */
		B0637B8D2CB927FE003BBD6D /* Sources */ = {
			isa = PBXSourcesBuildPhase;
			buildActionMask = 2147483647;
			files = (
				B0637C072CB93390003BBD6D /* AnimalListItemView.swift in Sources */,
				B0637BFF2CB92EFA003BBD6D /* CoverImageView.swift in Sources */,
				B0637C022CB93049003BBD6D /* CoverImageModel.swift in Sources */,
				B0637C092CB934D7003BBD6D /* AnimalModel.swift in Sources */,
				B0637C052CB930B2003BBD6D /* CodableBundleExtension.swift in Sources */,
			);
			runOnlyForDeploymentPostprocessing = 0;
		};
/* End PBXSourcesBuildPhase section */

/* Begin XCBuildConfiguration section */
		B0637B9D2CB927FF003BBD6D /* Debug */ = {
			isa = XCBuildConfiguration;
			buildSettings = {
				ALWAYS_SEARCH_USER_PATHS = NO;
				ASSETCATALOG_COMPILER_GENERATE_SWIFT_ASSET_SYMBOL_EXTENSIONS = YES;
				CLANG_ANALYZER_NONNULL = YES;
				CLANG_ANALYZER_NUMBER_OBJECT_CONVERSION = YES_AGGRESSIVE;
				CLANG_CXX_LANGUAGE_STANDARD = "gnu++20";
				CLANG_ENABLE_MODULES = YES;
				CLANG_ENABLE_OBJC_ARC = YES;
				CLANG_ENABLE_OBJC_WEAK = YES;
				CLANG_WARN_BLOCK_CAPTURE_AUTORELEASING = YES;
				CLANG_WARN_BOOL_CONVERSION = YES;
				CLANG_WARN_COMMA = YES;
				CLANG_WARN_CONSTANT_CONVERSION = YES;
				CLANG_WARN_DEPRECATED_OBJC_IMPLEMENTATIONS = YES;
				CLANG_WARN_DIRECT_OBJC_ISA_USAGE = YES_ERROR;
				CLANG_WARN_DOCUMENTATION_COMMENTS = YES;
				CLANG_WARN_EMPTY_BODY = YES;
				CLANG_WARN_ENUM_CONVERSION = YES;
				CLANG_WARN_INFINITE_RECURSION = YES;
				CLANG_WARN_INT_CONVERSION = YES;
				CLANG_WARN_NON_LITERAL_NULL_CONVERSION = YES;
				CLANG_WARN_OBJC_IMPLICIT_RETAIN_SELF = YES;
				CLANG_WARN_OBJC_LITERAL_CONVERSION = YES;
				CLANG_WARN_OBJC_ROOT_CLASS = YES_ERROR;
				CLANG_WARN_QUOTED_INCLUDE_IN_FRAMEWORK_HEADER = YES;
				CLANG_WARN_RANGE_LOOP_ANALYSIS = YES;
				CLANG_WARN_STRICT_PROTOTYPES = YES;
				CLANG_WARN_SUSPICIOUS_MOVE = YES;
				CLANG_WARN_UNGUARDED_AVAILABILITY = YES_AGGRESSIVE;
				CLANG_WARN_UNREACHABLE_CODE = YES;
				CLANG_WARN__DUPLICATE_METHOD_MATCH = YES;
				COPY_PHASE_STRIP = NO;
				DEBUG_INFORMATION_FORMAT = dwarf;
				ENABLE_STRICT_OBJC_MSGSEND = YES;
				ENABLE_TESTABILITY = YES;
				ENABLE_USER_SCRIPT_SANDBOXING = YES;
				GCC_C_LANGUAGE_STANDARD = gnu17;
				GCC_DYNAMIC_NO_PIC = NO;
				GCC_NO_COMMON_BLOCKS = YES;
				GCC_OPTIMIZATION_LEVEL = 0;
				GCC_PREPROCESSOR_DEFINITIONS = (
					"DEBUG=1",
					"$(inherited)",
				);
				GCC_WARN_64_TO_32_BIT_CONVERSION = YES;
				GCC_WARN_ABOUT_RETURN_TYPE = YES_ERROR;
				GCC_WARN_UNDECLARED_SELECTOR = YES;
				GCC_WARN_UNINITIALIZED_AUTOS = YES_AGGRESSIVE;
				GCC_WARN_UNUSED_FUNCTION = YES;
				GCC_WARN_UNUSED_VARIABLE = YES;
				IPHONEOS_DEPLOYMENT_TARGET = 18.0;
				LOCALIZATION_PREFERS_STRING_CATALOGS = YES;
				MTL_ENABLE_DEBUG_INFO = INCLUDE_SOURCE;
				MTL_FAST_MATH = YES;
				ONLY_ACTIVE_ARCH = YES;
				SDKROOT = iphoneos;
				SWIFT_ACTIVE_COMPILATION_CONDITIONS = "DEBUG $(inherited)";
				SWIFT_OPTIMIZATION_LEVEL = "-Onone";
			};
			name = Debug;
		};
		B0637B9E2CB927FF003BBD6D /* Release */ = {
			isa = XCBuildConfiguration;
			buildSettings = {
				ALWAYS_SEARCH_USER_PATHS = NO;
				ASSETCATALOG_COMPILER_GENERATE_SWIFT_ASSET_SYMBOL_EXTENSIONS = YES;
				CLANG_ANALYZER_NONNULL = YES;
				CLANG_ANALYZER_NUMBER_OBJECT_CONVERSION = YES_AGGRESSIVE;
				CLANG_CXX_LANGUAGE_STANDARD = "gnu++20";
				CLANG_ENABLE_MODULES = YES;
				CLANG_ENABLE_OBJC_ARC = YES;
				CLANG_ENABLE_OBJC_WEAK = YES;
				CLANG_WARN_BLOCK_CAPTURE_AUTORELEASING = YES;
				CLANG_WARN_BOOL_CONVERSION = YES;
				CLANG_WARN_COMMA = YES;
				CLANG_WARN_CONSTANT_CONVERSION = YES;
				CLANG_WARN_DEPRECATED_OBJC_IMPLEMENTATIONS = YES;
				CLANG_WARN_DIRECT_OBJC_ISA_USAGE = YES_ERROR;
				CLANG_WARN_DOCUMENTATION_COMMENTS = YES;
				CLANG_WARN_EMPTY_BODY = YES;
				CLANG_WARN_ENUM_CONVERSION = YES;
				CLANG_WARN_INFINITE_RECURSION = YES;
				CLANG_WARN_INT_CONVERSION = YES;
				CLANG_WARN_NON_LITERAL_NULL_CONVERSION = YES;
				CLANG_WARN_OBJC_IMPLICIT_RETAIN_SELF = YES;
				CLANG_WARN_OBJC_LITERAL_CONVERSION = YES;
				CLANG_WARN_OBJC_ROOT_CLASS = YES_ERROR;
				CLANG_WARN_QUOTED_INCLUDE_IN_FRAMEWORK_HEADER = YES;
				CLANG_WARN_RANGE_LOOP_ANALYSIS = YES;
				CLANG_WARN_STRICT_PROTOTYPES = YES;
				CLANG_WARN_SUSPICIOUS_MOVE = YES;
				CLANG_WARN_UNGUARDED_AVAILABILITY = YES_AGGRESSIVE;
				CLANG_WARN_UNREACHABLE_CODE = YES;
				CLANG_WARN__DUPLICATE_METHOD_MATCH = YES;
				COPY_PHASE_STRIP = NO;
				DEBUG_INFORMATION_FORMAT = "dwarf-with-dsym";
				ENABLE_NS_ASSERTIONS = NO;
				ENABLE_STRICT_OBJC_MSGSEND = YES;
				ENABLE_USER_SCRIPT_SANDBOXING = YES;
				GCC_C_LANGUAGE_STANDARD = gnu17;
				GCC_NO_COMMON_BLOCKS = YES;
				GCC_WARN_64_TO_32_BIT_CONVERSION = YES;
				GCC_WARN_ABOUT_RETURN_TYPE = YES_ERROR;
				GCC_WARN_UNDECLARED_SELECTOR = YES;
				GCC_WARN_UNINITIALIZED_AUTOS = YES_AGGRESSIVE;
				GCC_WARN_UNUSED_FUNCTION = YES;
				GCC_WARN_UNUSED_VARIABLE = YES;
				IPHONEOS_DEPLOYMENT_TARGET = 18.0;
				LOCALIZATION_PREFERS_STRING_CATALOGS = YES;
				MTL_ENABLE_DEBUG_INFO = NO;
				MTL_FAST_MATH = YES;
				SDKROOT = iphoneos;
				SWIFT_COMPILATION_MODE = wholemodule;
				VALIDATE_PRODUCT = YES;
			};
			name = Release;
		};
		B0637BA02CB927FF003BBD6D /* Debug */ = {
			isa = XCBuildConfiguration;
			buildSettings = {
				ASSETCATALOG_COMPILER_APPICON_NAME = AppIcon;
				ASSETCATALOG_COMPILER_GLOBAL_ACCENT_COLOR_NAME = AccentColor;
				CODE_SIGN_STYLE = Automatic;
				CURRENT_PROJECT_VERSION = 1;
				DEVELOPMENT_ASSET_PATHS = "\"Africa/Preview Content\"";
				DEVELOPMENT_TEAM = AF7FZS87UC;
				ENABLE_PREVIEWS = YES;
				GENERATE_INFOPLIST_FILE = YES;
				INFOPLIST_FILE = Africa/Info.plist;
				INFOPLIST_KEY_UIApplicationSceneManifest_Generation = YES;
				INFOPLIST_KEY_UIApplicationSupportsIndirectInputEvents = YES;
				INFOPLIST_KEY_UISupportedInterfaceOrientations_iPad = "UIInterfaceOrientationPortrait UIInterfaceOrientationPortraitUpsideDown UIInterfaceOrientationLandscapeLeft UIInterfaceOrientationLandscapeRight";
				INFOPLIST_KEY_UISupportedInterfaceOrientations_iPhone = "UIInterfaceOrientationPortrait UIInterfaceOrientationLandscapeLeft UIInterfaceOrientationLandscapeRight";
				INFOPLIST_KEY_UIUserInterfaceStyle = Dark;
				LD_RUNPATH_SEARCH_PATHS = (
					"$(inherited)",
					"@executable_path/Frameworks",
				);
				MARKETING_VERSION = 1.0;
				PRODUCT_BUNDLE_IDENTIFIER = com.hustinoAquino.Africa;
				PRODUCT_NAME = "$(TARGET_NAME)";
				SWIFT_EMIT_LOC_STRINGS = YES;
				SWIFT_VERSION = 5.0;
				TARGETED_DEVICE_FAMILY = "1,2";
			};
			name = Debug;
		};
		B0637BA12CB927FF003BBD6D /* Release */ = {
			isa = XCBuildConfiguration;
			buildSettings = {
				ASSETCATALOG_COMPILER_APPICON_NAME = AppIcon;
				ASSETCATALOG_COMPILER_GLOBAL_ACCENT_COLOR_NAME = AccentColor;
				CODE_SIGN_STYLE = Automatic;
				CURRENT_PROJECT_VERSION = 1;
				DEVELOPMENT_ASSET_PATHS = "\"Africa/Preview Content\"";
				DEVELOPMENT_TEAM = AF7FZS87UC;
				ENABLE_PREVIEWS = YES;
				GENERATE_INFOPLIST_FILE = YES;
				INFOPLIST_FILE = Africa/Info.plist;
				INFOPLIST_KEY_UIApplicationSceneManifest_Generation = YES;
				INFOPLIST_KEY_UIApplicationSupportsIndirectInputEvents = YES;
				INFOPLIST_KEY_UISupportedInterfaceOrientations_iPad = "UIInterfaceOrientationPortrait UIInterfaceOrientationPortraitUpsideDown UIInterfaceOrientationLandscapeLeft UIInterfaceOrientationLandscapeRight";
				INFOPLIST_KEY_UISupportedInterfaceOrientations_iPhone = "UIInterfaceOrientationPortrait UIInterfaceOrientationLandscapeLeft UIInterfaceOrientationLandscapeRight";
				INFOPLIST_KEY_UIUserInterfaceStyle = Dark;
				LD_RUNPATH_SEARCH_PATHS = (
					"$(inherited)",
					"@executable_path/Frameworks",
				);
				MARKETING_VERSION = 1.0;
				PRODUCT_BUNDLE_IDENTIFIER = com.hustinoAquino.Africa;
				PRODUCT_NAME = "$(TARGET_NAME)";
				SWIFT_EMIT_LOC_STRINGS = YES;
				SWIFT_VERSION = 5.0;
				TARGETED_DEVICE_FAMILY = "1,2";
			};
			name = Release;
		};
/* End XCBuildConfiguration section */

/* Begin XCConfigurationList section */
		B0637B8C2CB927FE003BBD6D /* Build configuration list for PBXProject "Africa" */ = {
			isa = XCConfigurationList;
			buildConfigurations = (
				B0637B9D2CB927FF003BBD6D /* Debug */,
				B0637B9E2CB927FF003BBD6D /* Release */,
			);
			defaultConfigurationIsVisible = 0;
			defaultConfigurationName = Release;
		};
		B0637B9F2CB927FF003BBD6D /* Build configuration list for PBXNativeTarget "Africa" */ = {
			isa = XCConfigurationList;
			buildConfigurations = (
				B0637BA02CB927FF003BBD6D /* Debug */,
				B0637BA12CB927FF003BBD6D /* Release */,
			);
			defaultConfigurationIsVisible = 0;
			defaultConfigurationName = Release;
		};
/* End XCConfigurationList section */
	};
	rootObject = B0637B892CB927FE003BBD6D /* Project object */;
}
